
Microsoft Visual Studio Solution File, Format Version 12.00
# Visual Studio Version 17
VisualStudioVersion = 17.6.33815.320
MinimumVisualStudioVersion = 10.0.40219.1
Project("{9A19103F-16F7-4668-BE54-9A1E7A4F7556}") = "FA.JustBlog.Core", "FA.JustBlog.Core\FA.JustBlog.Core.csproj", "{F67B8E87-20D3-4D59-B807-BE92BBACF721}"
EndProject
Project("{9A19103F-16F7-4668-BE54-9A1E7A4F7556}") = "FA.JustBlog.UI", "FA.JustBlog.UI\FA.JustBlog.UI.csproj", "{27CE5E1C-EAAA-4826-ACB0-41C1658CBB84}"
EndProject
Project("{9A19103F-16F7-4668-BE54-9A1E7A4F7556}") = "FA.JustBlog.Repository", "FA.JustBlog.Repository\FA.JustBlog.Repository.csproj", "{06B58BBB-CF24-48C4-A782-D185FAB9F425}"
EndProject
Project("{9A19103F-16F7-4668-BE54-9A1E7A4F7556}") = "FA.JustBlog.Service", "FA.JustBlog.Service\FA.JustBlog.Service.csproj", "{FE0E88AC-F8D8-4366-BA8F-DA7B83ED4D2A}"
EndProject
Project("{FAE04EC0-301F-11D3-BF4B-00C04F79EFBC}") = "FA.JustBlog.ViewModel", "FA.JustBlog.ViewModel\FA.JustBlog.ViewModel.csproj", "{8D9C404F-FA7F-44CD-9479-1869D8C1CF47}"
EndProject
Global
	GlobalSection(SolutionConfigurationPlatforms) = preSolution
		Debug|Any CPU = Debug|Any CPU
		Release|Any CPU = Release|Any CPU
	EndGlobalSection
	GlobalSection(ProjectConfigurationPlatforms) = postSolution
		{F67B8E87-20D3-4D59-B807-BE92BBACF721}.Debug|Any CPU.ActiveCfg = Debug|Any CPU
		{F67B8E87-20D3-4D59-B807-BE92BBACF721}.Debug|Any CPU.Build.0 = Debug|Any CPU
		{F67B8E87-20D3-4D59-B807-BE92BBACF721}.Release|Any CPU.ActiveCfg = Release|Any CPU
		{F67B8E87-20D3-4D59-B807-BE92BBACF721}.Release|Any CPU.Build.0 = Release|Any CPU
		{27CE5E1C-EAAA-4826-ACB0-41C1658CBB84}.Debug|Any CPU.ActiveCfg = Debug|Any CPU
		{27CE5E1C-EAAA-4826-ACB0-41C1658CBB84}.Debug|Any CPU.Build.0 = Debug|Any CPU
		{27CE5E1C-EAAA-4826-ACB0-41C1658CBB84}.Release|Any CPU.ActiveCfg = Release|Any CPU
		{27CE5E1C-EAAA-4826-ACB0-41C1658CBB84}.Release|Any CPU.Build.0 = Release|Any CPU
		{06B58BBB-CF24-48C4-A782-D185FAB9F425}.Debug|Any CPU.ActiveCfg = Debug|Any CPU
		{06B58BBB-CF24-48C4-A782-D185FAB9F425}.Debug|Any CPU.Build.0 = Debug|Any CPU
		{06B58BBB-CF24-48C4-A782-D185FAB9F425}.Release|Any CPU.ActiveCfg = Release|Any CPU
		{06B58BBB-CF24-48C4-A782-D185FAB9F425}.Release|Any CPU.Build.0 = Release|Any CPU
		{FE0E88AC-F8D8-4366-BA8F-DA7B83ED4D2A}.Debug|Any CPU.ActiveCfg = Debug|Any CPU
		{FE0E88AC-F8D8-4366-BA8F-DA7B83ED4D2A}.Debug|Any CPU.Build.0 = Debug|Any CPU
		{FE0E88AC-F8D8-4366-BA8F-DA7B83ED4D2A}.Release|Any CPU.ActiveCfg = Release|Any CPU
		{FE0E88AC-F8D8-4366-BA8F-DA7B83ED4D2A}.Release|Any CPU.Build.0 = Release|Any CPU
		{8D9C404F-FA7F-44CD-9479-1869D8C1CF47}.Debug|Any CPU.ActiveCfg = Debug|Any CPU
		{8D9C404F-FA7F-44CD-9479-1869D8C1CF47}.Debug|Any CPU.Build.0 = Debug|Any CPU
		{8D9C404F-FA7F-44CD-9479-1869D8C1CF47}.Release|Any CPU.ActiveCfg = Release|Any CPU
		{8D9C404F-FA7F-44CD-9479-1869D8C1CF47}.Release|Any CPU.Build.0 = Release|Any CPU
	EndGlobalSection
	GlobalSection(SolutionProperties) = preSolution
		HideSolutionNode = FALSE
	EndGlobalSection
	GlobalSection(ExtensibilityGlobals) = postSolution
		SolutionGuid = {BCBA2034-AD6A-4CAE-8DBE-A3031CC532BE}
	EndGlobalSection
EndGlobal
